
Microsoft Visual Studio Solution File, Format Version 12.00
# Visual Studio 15
VisualStudioVersion = 15.0.26730.3
MinimumVisualStudioVersion = 10.0.40219.1
Project("{9A19103F-16F7-4668-BE54-9A1E7A4F7556}") = "IdentitySSO.Host", "IdentitySSO.Host\IdentitySSO.Host.csproj", "{F726253C-04F5-488B-BFE7-553475BA0CB8}"
EndProject
Project("{9A19103F-16F7-4668-BE54-9A1E7A4F7556}") = "IdentityMVCClient", "..\IdentityMVCClient\IdentityMVCClient.csproj", "{C6C9DF22-E297-4BB5-B829-0F9687FB1682}"
EndProject
Global
	GlobalSection(SolutionConfigurationPlatforms) = preSolution
		Debug|Any CPU = Debug|Any CPU
		Release|Any CPU = Release|Any CPU
	EndGlobalSection
	GlobalSection(ProjectConfigurationPlatforms) = postSolution
		{F726253C-04F5-488B-BFE7-553475BA0CB8}.Debug|Any CPU.ActiveCfg = Debug|Any CPU
		{F726253C-04F5-488B-BFE7-553475BA0CB8}.Debug|Any CPU.Build.0 = Debug|Any CPU
		{F726253C-04F5-488B-BFE7-553475BA0CB8}.Release|Any CPU.ActiveCfg = Release|Any CPU
		{F726253C-04F5-488B-BFE7-553475BA0CB8}.Release|Any CPU.Build.0 = Release|Any CPU
		{C6C9DF22-E297-4BB5-B829-0F9687FB1682}.Debug|Any CPU.ActiveCfg = Debug|Any CPU
		{C6C9DF22-E297-4BB5-B829-0F9687FB1682}.Debug|Any CPU.Build.0 = Debug|Any CPU
		{C6C9DF22-E297-4BB5-B829-0F9687FB1682}.Release|Any CPU.ActiveCfg = Release|Any CPU
		{C6C9DF22-E297-4BB5-B829-0F9687FB1682}.Release|Any CPU.Build.0 = Release|Any CPU
	EndGlobalSection
	GlobalSection(SolutionProperties) = preSolution
		HideSolutionNode = FALSE
	EndGlobalSection
	GlobalSection(ExtensibilityGlobals) = postSolution
		SolutionGuid = {341FD0AB-CF03-4D03-BDAC-1283C4DC179A}
	EndGlobalSection
EndGlobal
